{
  "nodes": {
    "nixpkgs": {
      "locked": {
        "lastModified": 1749494155,
        "narHash": "sha256-FG4DEYBpROupu758beabUk9lhrblSf5hnv84v1TLqMc=",
        "owner": "NixOS",
        "repo": "nixpkgs",
        "rev": "88331c17ba434359491e8d5889cce872464052c2",
        "type": "github"
      },
      "original": {
        "id": "nixpkgs",
        "ref": "nixos-25.05",
        "type": "indirect"
      }
    },
    "root": {
      "inputs": {
        "nixpkgs": "nixpkgs",
        "rust": "rust"
      }
    },
    "rust": {
      "inputs": {
        "nixpkgs": [
          "nixpkgs"
        ]
      },
      "locked": {
        "lastModified": 1749523120,
        "narHash": "sha256-lEhEK8qE8xto2Wnj4f7R+VRSg7M6tgTTkJVTZ2QxXOI=",
        "owner": "oxalica",
        "repo": "rust-overlay",
        "rev": "d0727dbab79c5a28289f3c03e4fac7d5b95bafb3",
        "type": "github"
      },
      "original": {
        "owner": "oxalica",
        "repo": "rust-overlay",
        "type": "github"
      }
    }
  },
  "root": "root",
  "version": 7
}
